
Microsoft Visual Studio Solution File, Format Version 12.00
# Visual Studio Version 17
VisualStudioVersion = 17.5.002.0
MinimumVisualStudioVersion = 10.0.40219.1
Project("{9A19103F-16F7-4668-BE54-9A1E7A4F7556}") = "backend", "backend\backend.csproj", "{FDC0EC24-0264-4099-9485-677D2152F899}"
EndProject
Global
	GlobalSection(SolutionConfigurationPlatforms) = preSolution
		Debug|Any CPU = Debug|Any CPU
		Release|Any CPU = Release|Any CPU
	EndGlobalSection
	GlobalSection(ProjectConfigurationPlatforms) = postSolution
		{FDC0EC24-0264-4099-9485-677D2152F899}.Debug|Any CPU.ActiveCfg = Debug|Any CPU
		{FDC0EC24-0264-4099-9485-677D2152F899}.Debug|Any CPU.Build.0 = Debug|Any CPU
		{FDC0EC24-0264-4099-9485-677D2152F899}.Release|Any CPU.ActiveCfg = Release|Any CPU
		{FDC0EC24-0264-4099-9485-677D2152F899}.Release|Any CPU.Build.0 = Release|Any CPU
	EndGlobalSection
	GlobalSection(SolutionProperties) = preSolution
		HideSolutionNode = FALSE
	EndGlobalSection
	GlobalSection(ExtensibilityGlobals) = postSolution
		SolutionGuid = {7420D263-92D0-417B-8ED8-A1FFA112276E}
	EndGlobalSection
EndGlobal
